{
  "name": "mock-request",
  "lockfileVersion": 2,
  "requires": true,
  "packages": {
    "": {
      "devDependencies": {
        "request-as-curl": "^0.1.0"
      }
    },
    "node_modules/request-as-curl": {
      "version": "0.1.0",
      "resolved": "https://registry.npmjs.org/request-as-curl/-/request-as-curl-0.1.0.tgz",
      "integrity": "sha1-8BesWyBg4cT8lndXXDgaCCSdW/c=",
      "dev": true,
      "engines": {
        "node": ">= 0.8.0"
      }
    }
  },
  "dependencies": {
    "request-as-curl": {
      "version": "0.1.0",
      "resolved": "https://registry.npmjs.org/request-as-curl/-/request-as-curl-0.1.0.tgz",
      "integrity": "sha1-8BesWyBg4cT8lndXXDgaCCSdW/c=",
      "dev": true
    }
  }
}
